
Microsoft Visual Studio Solution File, Format Version 12.00
# Visual Studio Version 17
VisualStudioVersion = 17.6.33829.357
MinimumVisualStudioVersion = 10.0.40219.1
Project("{FAE04EC0-301F-11D3-BF4B-00C04F79EFBC}") = "ChequeWriting", "ChequeWriting\ChequeWriting.csproj", "{AA50EE7E-362E-4F00-B651-35C1C6E0DC87}"
EndProject
Global
	GlobalSection(SolutionConfigurationPlatforms) = preSolution
		Debug|Any CPU = Debug|Any CPU
		Release|Any CPU = Release|Any CPU
	EndGlobalSection
	GlobalSection(ProjectConfigurationPlatforms) = postSolution
		{AA50EE7E-362E-4F00-B651-35C1C6E0DC87}.Debug|Any CPU.ActiveCfg = Debug|Any CPU
		{AA50EE7E-362E-4F00-B651-35C1C6E0DC87}.Debug|Any CPU.Build.0 = Debug|Any CPU
		{AA50EE7E-362E-4F00-B651-35C1C6E0DC87}.Release|Any CPU.ActiveCfg = Release|Any CPU
		{AA50EE7E-362E-4F00-B651-35C1C6E0DC87}.Release|Any CPU.Build.0 = Release|Any CPU
	EndGlobalSection
	GlobalSection(SolutionProperties) = preSolution
		HideSolutionNode = FALSE
	EndGlobalSection
	GlobalSection(ExtensibilityGlobals) = postSolution
		SolutionGuid = {BF0ADC65-8C63-4E85-B4A6-276FBF32F6AB}
	EndGlobalSection
EndGlobal
